<?xml version="1.0" encoding="utf-8"?>
<Project ToolsVersion="4.0" xmlns="http://schemas.microsoft.com/developer/msbuild/2003">
  <ItemGroup>
    <Filter Include="_Win32_">
      <UniqueIdentifier>{695acfb9-41ea-424c-b892-6077865d6370}</UniqueIdentifier>
    </Filter>
    <Filter Include="Audio">
      <UniqueIdentifier>{325db3cb-ed90-4b39-8d9b-4d3e957f986e}</UniqueIdentifier>
    </Filter>
    <Filter Include="Data">
      <UniqueIdentifier>{95001266-afad-457b-b2d7-b9da2b18ca91}</UniqueIdentifier>
    </Filter>
    <Filter Include="GameEngine">
      <UniqueIdentifier>{f231e7a9-c21d-4c8b-9d3b-11b83c6b1138}</UniqueIdentifier>
    </Filter>
    <Filter Include="Graphics">
      <UniqueIdentifier>{2484580c-b30a-4c30-9a5d-48ac9d8524d1}</UniqueIdentifier>
    </Filter>
    <Filter Include="Input">
      <UniqueIdentifier>{eb42ec74-f22f-470e-9b6e-b5f13387f477}</UniqueIdentifier>
    </Filter>
    <Filter Include="Script">
      <UniqueIdentifier>{2dc46f9d-8b8d-4d10-b58a-99dac13d1710}</UniqueIdentifier>
    </Filter>
    <Filter Include="Render">
      <UniqueIdentifier>{b817e207-7458-4d79-968a-61a928d9641d}</UniqueIdentifier>
    </Filter>
    <Filter Include="Audio\_Win32_">
      <UniqueIdentifier>{79a08bd7-3ac0-48f8-85a3-df4f17ff14de}</UniqueIdentifier>
    </Filter>
    <Filter Include="Graphics\LF2D">
      <UniqueIdentifier>{e56c8db2-5402-4f0c-b92f-8e646094e541}</UniqueIdentifier>
    </Filter>
    <Filter Include="Graphics\LF2D\GUI">
      <UniqueIdentifier>{0a178cc8-f387-4e21-afcf-51fee1f1d5ea}</UniqueIdentifier>
    </Filter>
    <Filter Include="Input\_Win32_">
      <UniqueIdentifier>{c631d0bb-2db6-40e6-842f-deb83f377045}</UniqueIdentifier>
    </Filter>
    <Filter Include="Render\_Win32_">
      <UniqueIdentifier>{3d6aea1a-0e5d-4440-9e4e-66ac0438428f}</UniqueIdentifier>
    </Filter>
    <Filter Include="Render\GL11">
      <UniqueIdentifier>{1db206c5-0c1c-4710-9dc1-a8012d8a330d}</UniqueIdentifier>
    </Filter>
    <Filter Include="Render\_Win32_\D3D9">
      <UniqueIdentifier>{6e7e909a-5637-41b7-9561-2ebebc289329}</UniqueIdentifier>
    </Filter>
    <Filter Include="Script\Core">
      <UniqueIdentifier>{3f0672ae-af23-442e-82fe-a72e1bd66912}</UniqueIdentifier>
    </Filter>
    <Filter Include="Script\Engine">
      <UniqueIdentifier>{26186106-b1c6-4f33-b8a8-e0627e3fd6c5}</UniqueIdentifier>
    </Filter>
    <Filter Include="Script\Core\IO">
      <UniqueIdentifier>{7bb13b9f-5d84-4602-9075-27984764cedd}</UniqueIdentifier>
    </Filter>
    <Filter Include="Script\Engine\Audio">
      <UniqueIdentifier>{b1e66c3f-aad9-4fc3-940c-fa8ba239cc5e}</UniqueIdentifier>
    </Filter>
    <Filter Include="Script\Engine\GameEngine">
      <UniqueIdentifier>{6afd4119-7336-4cb3-aa51-1476768bbe21}</UniqueIdentifier>
    </Filter>
    <Filter Include="Script\Engine\Input">
      <UniqueIdentifier>{67e02cac-3849-4148-b51a-cd56105a0406}</UniqueIdentifier>
    </Filter>
    <Filter Include="Script\Engine\Graphics">
      <UniqueIdentifier>{3cba6feb-a9ff-432f-981e-7f513ef86255}</UniqueIdentifier>
    </Filter>
    <Filter Include="Script\Engine\Graphics\LF2D">
      <UniqueIdentifier>{05d27e30-76e0-40e0-aec8-4e484fd7efb9}</UniqueIdentifier>
    </Filter>
    <Filter Include="Script\Engine\Graphics\LF2D\GUI">
      <UniqueIdentifier>{eb4d8249-72e4-4d41-8dc0-a44cc29767d6}</UniqueIdentifier>
    </Filter>
    <Filter Include="Script\Core\Common">
      <UniqueIdentifier>{d33c43a9-23bf-4237-96e7-9c75279704f3}</UniqueIdentifier>
    </Filter>
    <Filter Include="Common">
      <UniqueIdentifier>{852c5854-675f-4918-8f7f-65dec0f30646}</UniqueIdentifier>
    </Filter>
    <Filter Include="Script\System">
      <UniqueIdentifier>{60d1f162-2c69-4f02-9ecf-9e792c7541af}</UniqueIdentifier>
    </Filter>
  </ItemGroup>
  <ItemGroup>
    <ClInclude Include="..\..\Tizen\LFEngine\src\LFEngine.h" />
    <ClInclude Include="..\..\..\Source\Engine\Audio\LFAudioSystem.h">
      <Filter>Audio</Filter>
    </ClInclude>
    <ClInclude Include="..\..\..\Source\Engine\Audio\_Win32_\LFAudioSystemAudiere.h">
      <Filter>Audio\_Win32_</Filter>
    </ClInclude>
    <ClInclude Include="..\..\..\Source\Engine\Common\LFExtensions.h">
      <Filter>Common</Filter>
    </ClInclude>
    <ClInclude Include="..\..\..\Source\Engine\Common\LFSystemInfo.h">
      <Filter>Common</Filter>
    </ClInclude>
    <ClInclude Include="..\..\..\Source\Engine\Data\LFDataConstants.h">
      <Filter>Data</Filter>
    </ClInclude>
    <ClInclude Include="..\..\..\Source\Engine\Data\LFEditorData.h">
      <Filter>Data</Filter>
    </ClInclude>
    <ClInclude Include="..\..\..\Source\Engine\Data\LFGameStateData.h">
      <Filter>Data</Filter>
    </ClInclude>
    <ClInclude Include="..\..\..\Source\Engine\Data\LFIData.h">
      <Filter>Data</Filter>
    </ClInclude>
    <ClInclude Include="..\..\..\Source\Engine\Data\LFLevelData.h">
      <Filter>Data</Filter>
    </ClInclude>
    <ClInclude Include="..\..\..\Source\Engine\Data\LFOptionsData.h">
      <Filter>Data</Filter>
    </ClInclude>
    <ClInclude Include="..\..\..\Source\Engine\GameEngine\LF2DObject.h">
      <Filter>GameEngine</Filter>
    </ClInclude>
    <ClInclude Include="..\..\..\Source\Engine\GameEngine\LF2DObjectGroup.h">
      <Filter>GameEngine</Filter>
    </ClInclude>
    <ClInclude Include="..\..\..\Source\Engine\GameEngine\LFControl.h">
      <Filter>GameEngine</Filter>
    </ClInclude>
    <ClInclude Include="..\..\..\Source\Engine\GameEngine\LFGameEngine.h">
      <Filter>GameEngine</Filter>
    </ClInclude>
    <ClInclude Include="..\..\..\Source\Engine\GameEngine\LFGameEngineHelper.h">
      <Filter>GameEngine</Filter>
    </ClInclude>
    <ClInclude Include="..\..\..\Source\Engine\GameEngine\LFLayer.h">
      <Filter>GameEngine</Filter>
    </ClInclude>
    <ClInclude Include="..\..\..\Source\Engine\GameEngine\LFSceneGraph.h">
      <Filter>GameEngine</Filter>
    </ClInclude>
    <ClInclude Include="..\..\..\Source\Engine\GameEngine\LFScreen.h">
      <Filter>GameEngine</Filter>
    </ClInclude>
    <ClInclude Include="..\..\..\Source\Engine\Graphics\LF2D\LFSprite.h">
      <Filter>Graphics\LF2D</Filter>
    </ClInclude>
    <ClInclude Include="..\..\..\Source\Engine\Graphics\LF2D\GUI\LFButtonControl.h">
      <Filter>Graphics\LF2D\GUI</Filter>
    </ClInclude>
    <ClInclude Include="..\..\..\Source\Engine\Graphics\LF2D\GUI\LFCheckButtonControl.h">
      <Filter>Graphics\LF2D\GUI</Filter>
    </ClInclude>
    <ClInclude Include="..\..\..\Source\Engine\Graphics\LF2D\GUI\LFLabelControl.h">
      <Filter>Graphics\LF2D\GUI</Filter>
    </ClInclude>
    <ClInclude Include="..\..\..\Source\Engine\Graphics\LF2D\GUI\LFLabelFPSControl.h">
      <Filter>Graphics\LF2D\GUI</Filter>
    </ClInclude>
    <ClInclude Include="..\..\..\Source\Engine\Graphics\LF2D\GUI\LFLevelLabelControl.h">
      <Filter>Graphics\LF2D\GUI</Filter>
    </ClInclude>
    <ClInclude Include="..\..\..\Source\Engine\Graphics\LF2D\GUI\LFMessageBoxControl.h">
      <Filter>Graphics\LF2D\GUI</Filter>
    </ClInclude>
    <ClInclude Include="..\..\..\Source\Engine\Graphics\LF2D\GUI\LFNumberLabelControl.h">
      <Filter>Graphics\LF2D\GUI</Filter>
    </ClInclude>
    <ClInclude Include="..\..\..\Source\Engine\Graphics\LF2D\GUI\LFSliderControl.h">
      <Filter>Graphics\LF2D\GUI</Filter>
    </ClInclude>
    <ClInclude Include="..\..\..\Source\Engine\Graphics\LF2D\GUI\LFSplashControl.h">
      <Filter>Graphics\LF2D\GUI</Filter>
    </ClInclude>
    <ClInclude Include="..\..\..\Source\Engine\Graphics\LF2D\GUI\LFSpriteFont.h">
      <Filter>Graphics\LF2D\GUI</Filter>
    </ClInclude>
    <ClInclude Include="..\..\..\Source\Engine\Graphics\LF2D\GUI\LFTimeLabelControl.h">
      <Filter>Graphics\LF2D\GUI</Filter>
    </ClInclude>
    <ClInclude Include="..\..\..\Source\Engine\Graphics\LF2D\GUI\LFTimerControl.h">
      <Filter>Graphics\LF2D\GUI</Filter>
    </ClInclude>
    <ClInclude Include="..\..\..\Source\Engine\Input\_Win32_\LFInputSystemGlfw.h">
      <Filter>Input\_Win32_</Filter>
    </ClInclude>
    <ClInclude Include="..\..\..\Source\Engine\Input\LFInputSystem.h">
      <Filter>Input</Filter>
    </ClInclude>
    <ClInclude Include="..\..\..\Source\Engine\Render\LFRender.h">
      <Filter>Render</Filter>
    </ClInclude>
    <ClInclude Include="..\..\..\Source\Engine\Render\LFRenderWindow.h">
      <Filter>Render</Filter>
    </ClInclude>
    <ClInclude Include="..\..\..\Source\Engine\Render\LFTexture.h">
      <Filter>Render</Filter>
    </ClInclude>
    <ClInclude Include="..\..\..\Source\Engine\Render\LFVertexTextureData.h">
      <Filter>Render</Filter>
    </ClInclude>
    <ClInclude Include="..\..\..\Source\Engine\Render\GL11\LFRenderGL11.h">
      <Filter>Render\GL11</Filter>
    </ClInclude>
    <ClInclude Include="..\..\..\Source\Engine\Render\GL11\LFTextureGL11.h">
      <Filter>Render\GL11</Filter>
    </ClInclude>
    <ClInclude Include="..\..\..\Source\Engine\Render\GL11\LFVertexTextureDataGL11.h">
      <Filter>Render\GL11</Filter>
    </ClInclude>
    <ClInclude Include="..\..\..\Source\Engine\Render\_Win32_\LFRenderWindowWin32.h">
      <Filter>Render\_Win32_</Filter>
    </ClInclude>
    <ClInclude Include="..\..\..\Source\Engine\Render\_Win32_\D3D9\LFRenderD3D9.h">
      <Filter>Render\_Win32_\D3D9</Filter>
    </ClInclude>
    <ClInclude Include="..\..\..\Source\Engine\Render\_Win32_\D3D9\LFTextureD3D9.h">
      <Filter>Render\_Win32_\D3D9</Filter>
    </ClInclude>
    <ClInclude Include="..\..\..\Source\Engine\Render\_Win32_\D3D9\LFVertexTextureDataD3D9.h">
      <Filter>Render\_Win32_\D3D9</Filter>
    </ClInclude>
    <ClInclude Include="..\..\..\Source\Engine\Script\LFLuaType.h">
      <Filter>Script</Filter>
    </ClInclude>
    <ClInclude Include="..\..\..\Source\Engine\Script\LFScriptSystem.h">
      <Filter>Script</Filter>
    </ClInclude>
    <ClInclude Include="..\..\..\Source\Engine\Script\LuaHeaders.h">
      <Filter>Script</Filter>
    </ClInclude>
    <ClInclude Include="..\..\..\Source\Engine\Script\Core\Common\LFGameComponentLua.h">
      <Filter>Script\Core\Common</Filter>
    </ClInclude>
    <ClInclude Include="..\..\..\Source\Engine\Script\Core\Common\LFGameCompositComponentLua.h">
      <Filter>Script\Core\Common</Filter>
    </ClInclude>
    <ClInclude Include="..\..\..\Source\Engine\Script\Core\Common\LFTimerLua.h">
      <Filter>Script\Core\Common</Filter>
    </ClInclude>
    <ClInclude Include="..\..\..\Source\Engine\Script\Core\IO\LFLoggerLua.h">
      <Filter>Script\Core\IO</Filter>
    </ClInclude>
    <ClInclude Include="..\..\..\Source\Engine\Script\Engine\Audio\LFAudioLua.h">
      <Filter>Script\Engine\Audio</Filter>
    </ClInclude>
    <ClInclude Include="..\..\..\Source\Engine\Script\Engine\GameEngine\LFGameLua.h">
      <Filter>Script\Engine\GameEngine</Filter>
    </ClInclude>
    <ClInclude Include="..\..\..\Source\Engine\Script\Engine\GameEngine\LFLayerLua.h">
      <Filter>Script\Engine\GameEngine</Filter>
    </ClInclude>
    <ClInclude Include="..\..\..\Source\Engine\Script\Engine\GameEngine\LFSceneGraphLua.h">
      <Filter>Script\Engine\GameEngine</Filter>
    </ClInclude>
    <ClInclude Include="..\..\..\Source\Engine\Script\Engine\GameEngine\LFScreenLua.h">
      <Filter>Script\Engine\GameEngine</Filter>
    </ClInclude>
    <ClInclude Include="..\..\..\Source\Engine\Script\Engine\Graphics\LF2D\LFSpriteLua.h">
      <Filter>Script\Engine\Graphics\LF2D</Filter>
    </ClInclude>
    <ClInclude Include="..\..\..\Source\Engine\Script\Engine\Graphics\LF2D\GUI\LFButtonControlLua.h">
      <Filter>Script\Engine\Graphics\LF2D\GUI</Filter>
    </ClInclude>
    <ClInclude Include="..\..\..\Source\Engine\Script\Engine\Graphics\LF2D\GUI\LFCheckButtonControlLua.h">
      <Filter>Script\Engine\Graphics\LF2D\GUI</Filter>
    </ClInclude>
    <ClInclude Include="..\..\..\Source\Engine\Script\Engine\Graphics\LF2D\GUI\LFLabelControlLua.h">
      <Filter>Script\Engine\Graphics\LF2D\GUI</Filter>
    </ClInclude>
    <ClInclude Include="..\..\..\Source\Engine\Script\Engine\Graphics\LF2D\GUI\LFLabelFPSControlLua.h">
      <Filter>Script\Engine\Graphics\LF2D\GUI</Filter>
    </ClInclude>
    <ClInclude Include="..\..\..\Source\Engine\Script\Engine\Graphics\LF2D\GUI\LFLevelLabelControlLua.h">
      <Filter>Script\Engine\Graphics\LF2D\GUI</Filter>
    </ClInclude>
    <ClInclude Include="..\..\..\Source\Engine\Script\Engine\Graphics\LF2D\GUI\LFMessageBoxControlLua.h">
      <Filter>Script\Engine\Graphics\LF2D\GUI</Filter>
    </ClInclude>
    <ClInclude Include="..\..\..\Source\Engine\Script\Engine\Graphics\LF2D\GUI\LFNumberLabelControlLua.h">
      <Filter>Script\Engine\Graphics\LF2D\GUI</Filter>
    </ClInclude>
    <ClInclude Include="..\..\..\Source\Engine\Script\Engine\Graphics\LF2D\GUI\LFSliderControlLua.h">
      <Filter>Script\Engine\Graphics\LF2D\GUI</Filter>
    </ClInclude>
    <ClInclude Include="..\..\..\Source\Engine\Script\Engine\Graphics\LF2D\GUI\LFTimeLabelControlLua.h">
      <Filter>Script\Engine\Graphics\LF2D\GUI</Filter>
    </ClInclude>
    <ClInclude Include="..\..\..\Source\Engine\Script\Engine\Graphics\LF2D\GUI\MaterialLoaderLua.h">
      <Filter>Script\Engine\Graphics\LF2D\GUI</Filter>
    </ClInclude>
    <ClInclude Include="..\..\..\Source\Engine\Script\Engine\Input\LFInputLua.h">
      <Filter>Script\Engine\Input</Filter>
    </ClInclude>
    <ClInclude Include="..\..\..\Source\Engine\Script\System\LFScriptSystemLua.h">
      <Filter>Script\System</Filter>
    </ClInclude>
  </ItemGroup>
  <ItemGroup>
    <ClCompile Include="..\..\..\Source\Engine\_Win32_\LFEngine.cpp">
      <Filter>_Win32_</Filter>
    </ClCompile>
    <ClCompile Include="..\..\..\Source\Engine\Audio\LFAudioSystem.cpp">
      <Filter>Audio</Filter>
    </ClCompile>
    <ClCompile Include="..\..\..\Source\Engine\Audio\_Win32_\LFAudioSystemAudiere.cpp">
      <Filter>Audio\_Win32_</Filter>
    </ClCompile>
    <ClCompile Include="..\..\..\Source\Engine\Common\LFSystemInfo.cpp">
      <Filter>Common</Filter>
    </ClCompile>
    <ClCompile Include="..\..\..\Source\Engine\Data\LFGameStateData.cpp">
      <Filter>Data</Filter>
    </ClCompile>
    <ClCompile Include="..\..\..\Source\Engine\Data\LFLevelData.cpp">
      <Filter>Data</Filter>
    </ClCompile>
    <ClCompile Include="..\..\..\Source\Engine\Data\LFOptionsData.cpp">
      <Filter>Data</Filter>
    </ClCompile>
    <ClCompile Include="..\..\..\Source\Engine\GameEngine\LF2DObject.cpp">
      <Filter>GameEngine</Filter>
    </ClCompile>
    <ClCompile Include="..\..\..\Source\Engine\GameEngine\LF2DObjectGroup.cpp">
      <Filter>GameEngine</Filter>
    </ClCompile>
    <ClCompile Include="..\..\..\Source\Engine\GameEngine\LFControl.cpp">
      <Filter>GameEngine</Filter>
    </ClCompile>
    <ClCompile Include="..\..\..\Source\Engine\GameEngine\LFGameEngine.cpp">
      <Filter>GameEngine</Filter>
    </ClCompile>
    <ClCompile Include="..\..\..\Source\Engine\GameEngine\LFGameEngineHelper.cpp">
      <Filter>GameEngine</Filter>
    </ClCompile>
    <ClCompile Include="..\..\..\Source\Engine\GameEngine\LFLayer.cpp">
      <Filter>GameEngine</Filter>
    </ClCompile>
    <ClCompile Include="..\..\..\Source\Engine\GameEngine\LFSceneGraph.cpp">
      <Filter>GameEngine</Filter>
    </ClCompile>
    <ClCompile Include="..\..\..\Source\Engine\GameEngine\LFScreen.cpp">
      <Filter>GameEngine</Filter>
    </ClCompile>
    <ClCompile Include="..\..\..\Source\Engine\Graphics\LF2D\LFSprite.cpp">
      <Filter>Graphics\LF2D</Filter>
    </ClCompile>
    <ClCompile Include="..\..\..\Source\Engine\Graphics\LF2D\GUI\LFButtonControl.cpp">
      <Filter>Graphics\LF2D\GUI</Filter>
    </ClCompile>
    <ClCompile Include="..\..\..\Source\Engine\Graphics\LF2D\GUI\LFCheckButtonControl.cpp">
      <Filter>Graphics\LF2D\GUI</Filter>
    </ClCompile>
    <ClCompile Include="..\..\..\Source\Engine\Graphics\LF2D\GUI\LFLabelControl.cpp">
      <Filter>Graphics\LF2D\GUI</Filter>
    </ClCompile>
    <ClCompile Include="..\..\..\Source\Engine\Graphics\LF2D\GUI\LFLabelFPSControl.cpp">
      <Filter>Graphics\LF2D\GUI</Filter>
    </ClCompile>
    <ClCompile Include="..\..\..\Source\Engine\Graphics\LF2D\GUI\LFLevelLabelControl.cpp">
      <Filter>Graphics\LF2D\GUI</Filter>
    </ClCompile>
    <ClCompile Include="..\..\..\Source\Engine\Graphics\LF2D\GUI\LFMessageBoxControl.cpp">
      <Filter>Graphics\LF2D\GUI</Filter>
    </ClCompile>
    <ClCompile Include="..\..\..\Source\Engine\Graphics\LF2D\GUI\LFNumberLabelControl.cpp">
      <Filter>Graphics\LF2D\GUI</Filter>
    </ClCompile>
    <ClCompile Include="..\..\..\Source\Engine\Graphics\LF2D\GUI\LFSliderControl.cpp">
      <Filter>Graphics\LF2D\GUI</Filter>
    </ClCompile>
    <ClCompile Include="..\..\..\Source\Engine\Graphics\LF2D\GUI\LFSplashControl.cpp">
      <Filter>Graphics\LF2D\GUI</Filter>
    </ClCompile>
    <ClCompile Include="..\..\..\Source\Engine\Graphics\LF2D\GUI\LFSpriteFont.cpp">
      <Filter>Graphics\LF2D\GUI</Filter>
    </ClCompile>
    <ClCompile Include="..\..\..\Source\Engine\Graphics\LF2D\GUI\LFTimeLabelControl.cpp">
      <Filter>Graphics\LF2D\GUI</Filter>
    </ClCompile>
    <ClCompile Include="..\..\..\Source\Engine\Graphics\LF2D\GUI\LFTimerControl.cpp">
      <Filter>Graphics\LF2D\GUI</Filter>
    </ClCompile>
    <ClCompile Include="..\..\..\Source\Engine\Input\_Win32_\LFInputSystemGlfw.cpp">
      <Filter>Input\_Win32_</Filter>
    </ClCompile>
    <ClCompile Include="..\..\..\Source\Engine\Input\LFInputSystem.cpp">
      <Filter>Input</Filter>
    </ClCompile>
    <ClCompile Include="..\..\..\Source\Engine\Render\LFRender.cpp">
      <Filter>Render</Filter>
    </ClCompile>
    <ClCompile Include="..\..\..\Source\Engine\Render\LFRenderWindow.cpp">
      <Filter>Render</Filter>
    </ClCompile>
    <ClCompile Include="..\..\..\Source\Engine\Render\LFTexture.cpp">
      <Filter>Render</Filter>
    </ClCompile>
    <ClCompile Include="..\..\..\Source\Engine\Render\LFVertexTextureData.cpp">
      <Filter>Render</Filter>
    </ClCompile>
    <ClCompile Include="..\..\..\Source\Engine\Render\GL11\LFRenderGL11.cpp">
      <Filter>Render\GL11</Filter>
    </ClCompile>
    <ClCompile Include="..\..\..\Source\Engine\Render\GL11\LFTextureGL11.cpp">
      <Filter>Render\GL11</Filter>
    </ClCompile>
    <ClCompile Include="..\..\..\Source\Engine\Render\GL11\LFVertexTextureDataGL11.cpp">
      <Filter>Render\GL11</Filter>
    </ClCompile>
    <ClCompile Include="..\..\..\Source\Engine\Render\_Win32_\LFRenderWindowWin32.cpp">
      <Filter>Render\_Win32_</Filter>
    </ClCompile>
    <ClCompile Include="..\..\..\Source\Engine\Render\_Win32_\D3D9\LFRenderD3D9.cpp">
      <Filter>Render\_Win32_\D3D9</Filter>
    </ClCompile>
    <ClCompile Include="..\..\..\Source\Engine\Render\_Win32_\D3D9\LFTextureD3D9.cpp">
      <Filter>Render\_Win32_\D3D9</Filter>
    </ClCompile>
    <ClCompile Include="..\..\..\Source\Engine\Render\_Win32_\D3D9\LFVertexTextureDataD3D9.cpp">
      <Filter>Render\_Win32_\D3D9</Filter>
    </ClCompile>
    <ClCompile Include="..\..\..\Source\Engine\Script\LFLuaType.cpp">
      <Filter>Script</Filter>
    </ClCompile>
    <ClCompile Include="..\..\..\Source\Engine\Script\LFScriptSystem.cpp">
      <Filter>Script</Filter>
    </ClCompile>
    <ClCompile Include="..\..\..\Source\Engine\Script\Core\Common\LFGameComponentLua.cpp">
      <Filter>Script\Core\Common</Filter>
    </ClCompile>
    <ClCompile Include="..\..\..\Source\Engine\Script\Core\Common\LFGameCompositComponentLua.cpp">
      <Filter>Script\Core\Common</Filter>
    </ClCompile>
    <ClCompile Include="..\..\..\Source\Engine\Script\Core\Common\LFTimerLua.cpp">
      <Filter>Script\Core\Common</Filter>
    </ClCompile>
    <ClCompile Include="..\..\..\Source\Engine\Script\Core\IO\LFLoggerLua.cpp">
      <Filter>Script\Core\IO</Filter>
    </ClCompile>
    <ClCompile Include="..\..\..\Source\Engine\Script\Engine\Audio\LFAudioLua.cpp">
      <Filter>Script\Engine\Audio</Filter>
    </ClCompile>
    <ClCompile Include="..\..\..\Source\Engine\Script\Engine\GameEngine\LFGameLua.cpp">
      <Filter>Script\Engine\GameEngine</Filter>
    </ClCompile>
    <ClCompile Include="..\..\..\Source\Engine\Script\Engine\GameEngine\LFLayerLua.cpp">
      <Filter>Script\Engine\GameEngine</Filter>
    </ClCompile>
    <ClCompile Include="..\..\..\Source\Engine\Script\Engine\GameEngine\LFSceneGraphLua.cpp">
      <Filter>Script\Engine\GameEngine</Filter>
    </ClCompile>
    <ClCompile Include="..\..\..\Source\Engine\Script\Engine\GameEngine\LFScreenLua.cpp">
      <Filter>Script\Engine\GameEngine</Filter>
    </ClCompile>
    <ClCompile Include="..\..\..\Source\Engine\Script\Engine\Graphics\LF2D\LFSpriteLua.cpp">
      <Filter>Script\Engine\Graphics\LF2D</Filter>
    </ClCompile>
    <ClCompile Include="..\..\..\Source\Engine\Script\Engine\Graphics\LF2D\GUI\LFButtonControlLua.cpp">
      <Filter>Script\Engine\Graphics\LF2D\GUI</Filter>
    </ClCompile>
    <ClCompile Include="..\..\..\Source\Engine\Script\Engine\Graphics\LF2D\GUI\LFCheckButtonControlLua.cpp">
      <Filter>Script\Engine\Graphics\LF2D\GUI</Filter>
    </ClCompile>
    <ClCompile Include="..\..\..\Source\Engine\Script\Engine\Graphics\LF2D\GUI\LFLabelControlLua.cpp">
      <Filter>Script\Engine\Graphics\LF2D\GUI</Filter>
    </ClCompile>
    <ClCompile Include="..\..\..\Source\Engine\Script\Engine\Graphics\LF2D\GUI\LFLabelFPSControlLua.cpp">
      <Filter>Script\Engine\Graphics\LF2D\GUI</Filter>
    </ClCompile>
    <ClCompile Include="..\..\..\Source\Engine\Script\Engine\Graphics\LF2D\GUI\LFLevelLabelControlLua.cpp">
      <Filter>Script\Engine\Graphics\LF2D\GUI</Filter>
    </ClCompile>
    <ClCompile Include="..\..\..\Source\Engine\Script\Engine\Graphics\LF2D\GUI\LFMessageBoxControlLua.cpp">
      <Filter>Script\Engine\Graphics\LF2D\GUI</Filter>
    </ClCompile>
    <ClCompile Include="..\..\..\Source\Engine\Script\Engine\Graphics\LF2D\GUI\LFNumberLabelControlLua.cpp">
      <Filter>Script\Engine\Graphics\LF2D\GUI</Filter>
    </ClCompile>
    <ClCompile Include="..\..\..\Source\Engine\Script\Engine\Graphics\LF2D\GUI\LFSliderControlLua.cpp">
      <Filter>Script\Engine\Graphics\LF2D\GUI</Filter>
    </ClCompile>
    <ClCompile Include="..\..\..\Source\Engine\Script\Engine\Graphics\LF2D\GUI\LFTimeLabelControlLua.cpp">
      <Filter>Script\Engine\Graphics\LF2D\GUI</Filter>
    </ClCompile>
    <ClCompile Include="..\..\..\Source\Engine\Script\Engine\Graphics\LF2D\GUI\MaterialLoaderLua.cpp">
      <Filter>Script\Engine\Graphics\LF2D\GUI</Filter>
    </ClCompile>
    <ClCompile Include="..\..\..\Source\Engine\Script\Engine\Input\LFInputLua.cpp">
      <Filter>Script\Engine\Input</Filter>
    </ClCompile>
    <ClCompile Include="..\..\..\Source\Engine\Script\System\LFScriptSystemLua.cpp">
      <Filter>Script\System</Filter>
    </ClCompile>
  </ItemGroup>
</Project>