
Microsoft Visual Studio Solution File, Format Version 12.00
# Visual Studio 2013
VisualStudioVersion = 12.0.40629.0
MinimumVisualStudioVersion = 10.0.40219.1
Project("{8BC9CEB8-8B4A-11D0-8D11-00A0C91BC942}") = "Soil", "Soil\Soil.vcxproj", "{A0D43608-A06D-4DDD-9C47-3C1A94F2308B}"
EndProject
Project("{8BC9CEB8-8B4A-11D0-8D11-00A0C91BC942}") = "Lua", "Lua\Lua.vcxproj", "{DAF5530E-5AC0-4F61-936F-5C670A11FC76}"
EndProject
Project("{8BC9CEB8-8B4A-11D0-8D11-00A0C91BC942}") = "LFCore", "LFCore\LFCore.vcxproj", "{01D6FBA0-E695-46C6-B712-05D16C0ADA9C}"
EndProject
Project("{8BC9CEB8-8B4A-11D0-8D11-00A0C91BC942}") = "LFEngine", "LFEngine\LFEngine.vcxproj", "{8FD7A62B-00C1-4C4F-8F42-479E2252DD7E}"
	ProjectSection(ProjectDependencies) = postProject
		{A0D43608-A06D-4DDD-9C47-3C1A94F2308B} = {A0D43608-A06D-4DDD-9C47-3C1A94F2308B}
		{DAF5530E-5AC0-4F61-936F-5C670A11FC76} = {DAF5530E-5AC0-4F61-936F-5C670A11FC76}
		{01D6FBA0-E695-46C6-B712-05D16C0ADA9C} = {01D6FBA0-E695-46C6-B712-05D16C0ADA9C}
	EndProjectSection
EndProject
Project("{8BC9CEB8-8B4A-11D0-8D11-00A0C91BC942}") = "UnitTest", "UnitTest\UnitTest.vcxproj", "{00CE9EB7-3966-4051-9845-B28B8BD009D9}"
	ProjectSection(ProjectDependencies) = postProject
		{8FD7A62B-00C1-4C4F-8F42-479E2252DD7E} = {8FD7A62B-00C1-4C4F-8F42-479E2252DD7E}
		{01D6FBA0-E695-46C6-B712-05D16C0ADA9C} = {01D6FBA0-E695-46C6-B712-05D16C0ADA9C}
	EndProjectSection
EndProject
Project("{8BC9CEB8-8B4A-11D0-8D11-00A0C91BC942}") = "Lightfield2", "Lightfield2\Lightfield2.vcxproj", "{1F4739BA-CA32-423A-B8A3-CEC35B759761}"
	ProjectSection(ProjectDependencies) = postProject
		{8FD7A62B-00C1-4C4F-8F42-479E2252DD7E} = {8FD7A62B-00C1-4C4F-8F42-479E2252DD7E}
		{01D6FBA0-E695-46C6-B712-05D16C0ADA9C} = {01D6FBA0-E695-46C6-B712-05D16C0ADA9C}
	EndProjectSection
EndProject
Project("{8BC9CEB8-8B4A-11D0-8D11-00A0C91BC942}") = "Lightfield2App", "Lightfield2App\Lightfield2App.vcxproj", "{4B499BD6-77EB-4CC3-AFFF-F56DB4299147}"
	ProjectSection(ProjectDependencies) = postProject
		{8FD7A62B-00C1-4C4F-8F42-479E2252DD7E} = {8FD7A62B-00C1-4C4F-8F42-479E2252DD7E}
		{01D6FBA0-E695-46C6-B712-05D16C0ADA9C} = {01D6FBA0-E695-46C6-B712-05D16C0ADA9C}
	EndProjectSection
EndProject
Project("{8BC9CEB8-8B4A-11D0-8D11-00A0C91BC942}") = "LuaCompiler", "LuaCompiler\LuaCompiler.vcxproj", "{224C938F-5A8D-450C-A644-0AD9371648DE}"
	ProjectSection(ProjectDependencies) = postProject
		{DAF5530E-5AC0-4F61-936F-5C670A11FC76} = {DAF5530E-5AC0-4F61-936F-5C670A11FC76}
	EndProjectSection
EndProject
Project("{8BC9CEB8-8B4A-11D0-8D11-00A0C91BC942}") = "LFEditor", "LFEditor\LFEditor.vcxproj", "{B12702AD-ABFB-343A-A199-8E24837244A3}"
	ProjectSection(ProjectDependencies) = postProject
		{8FD7A62B-00C1-4C4F-8F42-479E2252DD7E} = {8FD7A62B-00C1-4C4F-8F42-479E2252DD7E}
	EndProjectSection
EndProject
Global
	GlobalSection(SolutionConfigurationPlatforms) = preSolution
		Debug|Win32 = Debug|Win32
		Release|Win32 = Release|Win32
	EndGlobalSection
	GlobalSection(ProjectConfigurationPlatforms) = postSolution
		{A0D43608-A06D-4DDD-9C47-3C1A94F2308B}.Debug|Win32.ActiveCfg = Debug|Win32
		{A0D43608-A06D-4DDD-9C47-3C1A94F2308B}.Debug|Win32.Build.0 = Debug|Win32
		{A0D43608-A06D-4DDD-9C47-3C1A94F2308B}.Release|Win32.ActiveCfg = Release|Win32
		{A0D43608-A06D-4DDD-9C47-3C1A94F2308B}.Release|Win32.Build.0 = Release|Win32
		{DAF5530E-5AC0-4F61-936F-5C670A11FC76}.Debug|Win32.ActiveCfg = Debug|Win32
		{DAF5530E-5AC0-4F61-936F-5C670A11FC76}.Debug|Win32.Build.0 = Debug|Win32
		{DAF5530E-5AC0-4F61-936F-5C670A11FC76}.Release|Win32.ActiveCfg = Release|Win32
		{DAF5530E-5AC0-4F61-936F-5C670A11FC76}.Release|Win32.Build.0 = Release|Win32
		{01D6FBA0-E695-46C6-B712-05D16C0ADA9C}.Debug|Win32.ActiveCfg = Debug|Win32
		{01D6FBA0-E695-46C6-B712-05D16C0ADA9C}.Debug|Win32.Build.0 = Debug|Win32
		{01D6FBA0-E695-46C6-B712-05D16C0ADA9C}.Release|Win32.ActiveCfg = Release|Win32
		{01D6FBA0-E695-46C6-B712-05D16C0ADA9C}.Release|Win32.Build.0 = Release|Win32
		{8FD7A62B-00C1-4C4F-8F42-479E2252DD7E}.Debug|Win32.ActiveCfg = Debug|Win32
		{8FD7A62B-00C1-4C4F-8F42-479E2252DD7E}.Debug|Win32.Build.0 = Debug|Win32
		{8FD7A62B-00C1-4C4F-8F42-479E2252DD7E}.Release|Win32.ActiveCfg = Release|Win32
		{8FD7A62B-00C1-4C4F-8F42-479E2252DD7E}.Release|Win32.Build.0 = Release|Win32
		{00CE9EB7-3966-4051-9845-B28B8BD009D9}.Debug|Win32.ActiveCfg = Debug|Win32
		{00CE9EB7-3966-4051-9845-B28B8BD009D9}.Debug|Win32.Build.0 = Debug|Win32
		{00CE9EB7-3966-4051-9845-B28B8BD009D9}.Release|Win32.ActiveCfg = Release|Win32
		{00CE9EB7-3966-4051-9845-B28B8BD009D9}.Release|Win32.Build.0 = Release|Win32
		{1F4739BA-CA32-423A-B8A3-CEC35B759761}.Debug|Win32.ActiveCfg = Debug|Win32
		{1F4739BA-CA32-423A-B8A3-CEC35B759761}.Debug|Win32.Build.0 = Debug|Win32
		{1F4739BA-CA32-423A-B8A3-CEC35B759761}.Release|Win32.ActiveCfg = Release|Win32
		{1F4739BA-CA32-423A-B8A3-CEC35B759761}.Release|Win32.Build.0 = Release|Win32
		{4B499BD6-77EB-4CC3-AFFF-F56DB4299147}.Debug|Win32.ActiveCfg = Debug|Win32
		{4B499BD6-77EB-4CC3-AFFF-F56DB4299147}.Debug|Win32.Build.0 = Debug|Win32
		{4B499BD6-77EB-4CC3-AFFF-F56DB4299147}.Release|Win32.ActiveCfg = Release|Win32
		{4B499BD6-77EB-4CC3-AFFF-F56DB4299147}.Release|Win32.Build.0 = Release|Win32
		{224C938F-5A8D-450C-A644-0AD9371648DE}.Debug|Win32.ActiveCfg = Debug|Win32
		{224C938F-5A8D-450C-A644-0AD9371648DE}.Debug|Win32.Build.0 = Debug|Win32
		{224C938F-5A8D-450C-A644-0AD9371648DE}.Release|Win32.ActiveCfg = Release|Win32
		{224C938F-5A8D-450C-A644-0AD9371648DE}.Release|Win32.Build.0 = Release|Win32
		{B12702AD-ABFB-343A-A199-8E24837244A3}.Debug|Win32.ActiveCfg = Debug|Win32
		{B12702AD-ABFB-343A-A199-8E24837244A3}.Debug|Win32.Build.0 = Debug|Win32
		{B12702AD-ABFB-343A-A199-8E24837244A3}.Release|Win32.ActiveCfg = Release|Win32
		{B12702AD-ABFB-343A-A199-8E24837244A3}.Release|Win32.Build.0 = Release|Win32
	EndGlobalSection
	GlobalSection(SolutionProperties) = preSolution
		HideSolutionNode = FALSE
	EndGlobalSection
EndGlobal
