<?xml version="1.0" encoding="utf-8"?>
<Project ToolsVersion="4.0" xmlns="http://schemas.microsoft.com/developer/msbuild/2003">
  <ItemGroup>
    <Filter Include="Collections">
      <UniqueIdentifier>{f0a119a5-b7ee-4e48-9e2f-0c95fdb39543}</UniqueIdentifier>
    </Filter>
    <Filter Include="Common">
      <UniqueIdentifier>{0a6e2267-0b33-4c9e-947d-f0caa46da8ca}</UniqueIdentifier>
    </Filter>
    <Filter Include="IO">
      <UniqueIdentifier>{789f70b9-f0dc-4697-bf85-8d06fe94d81e}</UniqueIdentifier>
    </Filter>
    <Filter Include="Math">
      <UniqueIdentifier>{55102d78-53ce-4cc5-9e72-b9c1b3262988}</UniqueIdentifier>
    </Filter>
  </ItemGroup>
  <ItemGroup>
    <ClInclude Include="..\..\..\Source\Core\LFCore.h" />
    <ClInclude Include="..\..\..\Source\Core\Collections\LFDictionary.h">
      <Filter>Collections</Filter>
    </ClInclude>
    <ClInclude Include="..\..\..\Source\Core\Collections\LFList.h">
      <Filter>Collections</Filter>
    </ClInclude>
    <ClInclude Include="..\..\..\Source\Core\Common\LFDateTime.h">
      <Filter>Common</Filter>
    </ClInclude>
    <ClInclude Include="..\..\..\Source\Core\Common\LFEvent.h">
      <Filter>Common</Filter>
    </ClInclude>
    <ClInclude Include="..\..\..\Source\Core\Common\LFEventArgs.h">
      <Filter>Common</Filter>
    </ClInclude>
    <ClInclude Include="..\..\..\Source\Core\Common\LFGameComponent.h">
      <Filter>Common</Filter>
    </ClInclude>
    <ClInclude Include="..\..\..\Source\Core\Common\LFGameComponentList.h">
      <Filter>Common</Filter>
    </ClInclude>
    <ClInclude Include="..\..\..\Source\Core\Common\LFGameCompositComponent.h">
      <Filter>Common</Filter>
    </ClInclude>
    <ClInclude Include="..\..\..\Source\Core\Common\LFMemoryManager.h">
      <Filter>Common</Filter>
    </ClInclude>
    <ClInclude Include="..\..\..\Source\Core\Common\LFString.h">
      <Filter>Common</Filter>
    </ClInclude>
    <ClInclude Include="..\..\..\Source\Core\Common\LFTimer.h">
      <Filter>Common</Filter>
    </ClInclude>
    <ClInclude Include="..\..\..\Source\Core\Common\LFVFSManager.h">
      <Filter>Common</Filter>
    </ClInclude>
    <ClInclude Include="..\..\..\Source\Core\Common\LFWatch.h">
      <Filter>Common</Filter>
    </ClInclude>
    <ClInclude Include="..\..\..\Source\Core\IO\LFFile.h">
      <Filter>IO</Filter>
    </ClInclude>
    <ClInclude Include="..\..\..\Source\Core\IO\LFLogger.h">
      <Filter>IO</Filter>
    </ClInclude>
    <ClInclude Include="..\..\..\Source\Core\IO\LFSerializer.h">
      <Filter>IO</Filter>
    </ClInclude>
    <ClInclude Include="..\..\..\Source\Core\Math\LFCircle.h">
      <Filter>Math</Filter>
    </ClInclude>
    <ClInclude Include="..\..\..\Source\Core\Math\LFColor.h">
      <Filter>Math</Filter>
    </ClInclude>
    <ClInclude Include="..\..\..\Source\Core\Math\LFMath.h">
      <Filter>Math</Filter>
    </ClInclude>
    <ClInclude Include="..\..\..\Source\Core\Math\LFMatrix4.h">
      <Filter>Math</Filter>
    </ClInclude>
    <ClInclude Include="..\..\..\Source\Core\Math\LFRandom.h">
      <Filter>Math</Filter>
    </ClInclude>
    <ClInclude Include="..\..\..\Source\Core\Math\LFRectangle.h">
      <Filter>Math</Filter>
    </ClInclude>
    <ClInclude Include="..\..\..\Source\Core\Math\LFVector2D.h">
      <Filter>Math</Filter>
    </ClInclude>
    <ClInclude Include="..\..\..\Source\Core\Math\LFVector3D.h">
      <Filter>Math</Filter>
    </ClInclude>
  </ItemGroup>
  <ItemGroup>
    <ClCompile Include="..\..\..\Source\Core\Common\LFDateTime.cpp">
      <Filter>Common</Filter>
    </ClCompile>
    <ClCompile Include="..\..\..\Source\Core\Common\LFGameComponentList.cpp">
      <Filter>Common</Filter>
    </ClCompile>
    <ClCompile Include="..\..\..\Source\Core\Common\LFGameCompositComponent.cpp">
      <Filter>Common</Filter>
    </ClCompile>
    <ClCompile Include="..\..\..\Source\Core\Common\LFMemoryManager.cpp">
      <Filter>Common</Filter>
    </ClCompile>
    <ClCompile Include="..\..\..\Source\Core\Common\LFString.cpp">
      <Filter>Common</Filter>
    </ClCompile>
    <ClCompile Include="..\..\..\Source\Core\Common\LFTimer.cpp">
      <Filter>Common</Filter>
    </ClCompile>
    <ClCompile Include="..\..\..\Source\Core\Common\LFVFSManager.cpp">
      <Filter>Common</Filter>
    </ClCompile>
    <ClCompile Include="..\..\..\Source\Core\Common\LFWatch.cpp">
      <Filter>Common</Filter>
    </ClCompile>
    <ClCompile Include="..\..\..\Source\Core\IO\LFFile.cpp">
      <Filter>IO</Filter>
    </ClCompile>
    <ClCompile Include="..\..\..\Source\Core\IO\LFLogger.cpp">
      <Filter>IO</Filter>
    </ClCompile>
    <ClCompile Include="..\..\..\Source\Core\Math\LFCircle.cpp">
      <Filter>Math</Filter>
    </ClCompile>
    <ClCompile Include="..\..\..\Source\Core\Math\LFColor.cpp">
      <Filter>Math</Filter>
    </ClCompile>
    <ClCompile Include="..\..\..\Source\Core\Math\LFMath.cpp">
      <Filter>Math</Filter>
    </ClCompile>
    <ClCompile Include="..\..\..\Source\Core\Math\LFMatrix4.cpp">
      <Filter>Math</Filter>
    </ClCompile>
    <ClCompile Include="..\..\..\Source\Core\Math\LFRandom.cpp">
      <Filter>Math</Filter>
    </ClCompile>
    <ClCompile Include="..\..\..\Source\Core\Math\LFRectangle.cpp">
      <Filter>Math</Filter>
    </ClCompile>
    <ClCompile Include="..\..\..\Source\Core\Math\LFVector2D.cpp">
      <Filter>Math</Filter>
    </ClCompile>
    <ClCompile Include="..\..\..\Source\Core\Math\LFVector3D.cpp">
      <Filter>Math</Filter>
    </ClCompile>
  </ItemGroup>
</Project>