<?xml version="1.0" encoding="utf-8"?>
<Project ToolsVersion="4.0" xmlns="http://schemas.microsoft.com/developer/msbuild/2003">
  <ItemGroup>
    <Filter Include="Source">
      <UniqueIdentifier>{d68592fc-b5c1-4478-a779-6236b5a898b0}</UniqueIdentifier>
    </Filter>
  </ItemGroup>
  <ItemGroup>
    <ClCompile Include="..\..\..\Source\Depencies\Soil\image_DXT.c">
      <Filter>Source</Filter>
    </ClCompile>
    <ClCompile Include="..\..\..\Source\Depencies\Soil\image_helper.c">
      <Filter>Source</Filter>
    </ClCompile>
    <ClCompile Include="..\..\..\Source\Depencies\Soil\SOIL.c">
      <Filter>Source</Filter>
    </ClCompile>
    <ClCompile Include="..\..\..\Source\Depencies\Soil\stb_image_aug.c">
      <Filter>Source</Filter>
    </ClCompile>
  </ItemGroup>
  <ItemGroup>
    <ClInclude Include="..\..\..\Source\Depencies\Soil\image_DXT.h">
      <Filter>Source</Filter>
    </ClInclude>
    <ClInclude Include="..\..\..\Source\Depencies\Soil\image_helper.h">
      <Filter>Source</Filter>
    </ClInclude>
    <ClInclude Include="..\..\..\Source\Depencies\Soil\SOIL.h">
      <Filter>Source</Filter>
    </ClInclude>
    <ClInclude Include="..\..\..\Source\Depencies\Soil\SoilHelper.h">
      <Filter>Source</Filter>
    </ClInclude>
    <ClInclude Include="..\..\..\Source\Depencies\Soil\stb_image_aug.h">
      <Filter>Source</Filter>
    </ClInclude>
    <ClInclude Include="..\..\..\Source\Depencies\Soil\stbi_DDS_aug.h">
      <Filter>Source</Filter>
    </ClInclude>
    <ClInclude Include="..\..\..\Source\Depencies\Soil\stbi_DDS_aug_c.h">
      <Filter>Source</Filter>
    </ClInclude>
  </ItemGroup>
</Project>