<?xml version="1.0" encoding="utf-8"?>
<Project ToolsVersion="4.0" xmlns="http://schemas.microsoft.com/developer/msbuild/2003">
  <ItemGroup>
    <Filter Include="Generated Files">
      <UniqueIdentifier>{71ED8ED8-ACB9-4CE9-BBE1-E00B30144E11}</UniqueIdentifier>
      <Extensions>moc;h;cpp</Extensions>
      <SourceControlFiles>False</SourceControlFiles>
    </Filter>
    <Filter Include="Generated Files\Debug">
      <UniqueIdentifier>{d9ea2975-7f53-440a-af14-682617631d2b}</UniqueIdentifier>
      <Extensions>cpp;moc</Extensions>
      <SourceControlFiles>False</SourceControlFiles>
    </Filter>
    <Filter Include="Generated Files\Release">
      <UniqueIdentifier>{0475b148-3290-46de-9dcb-596f1edfdbeb}</UniqueIdentifier>
      <Extensions>cpp;moc</Extensions>
      <SourceControlFiles>False</SourceControlFiles>
    </Filter>
    <Filter Include="_Win32_">
      <UniqueIdentifier>{0b298f25-a795-4358-8e4c-718f43645afe}</UniqueIdentifier>
    </Filter>
    <Filter Include="_Win32_\Main">
      <UniqueIdentifier>{63b7c833-ba61-4e7c-addb-77368b2760f5}</UniqueIdentifier>
    </Filter>
    <Filter Include="_Win32_\Resource">
      <UniqueIdentifier>{44419576-d36f-40d7-851a-ae3d1edaef0d}</UniqueIdentifier>
    </Filter>
    <Filter Include="_Win32_\View">
      <UniqueIdentifier>{7466fd7e-0b73-411c-94a8-ddb938ed3554}</UniqueIdentifier>
    </Filter>
    <Filter Include="_Win32_\Controller">
      <UniqueIdentifier>{7c9022af-376b-49d3-8311-c0f8e1b1081b}</UniqueIdentifier>
    </Filter>
    <Filter Include="_Win32_\Common">
      <UniqueIdentifier>{bd85ad64-dbb8-4bba-8219-b09a497323d6}</UniqueIdentifier>
    </Filter>
  </ItemGroup>
  <ItemGroup>
    <ClCompile Include="..\..\..\Source\LFEditor\_Win32_\Main\main.cpp">
      <Filter>_Win32_\Main</Filter>
    </ClCompile>
    <ClCompile Include="GeneratedFiles\qrc_LFEditor.cpp">
      <Filter>Generated Files</Filter>
    </ClCompile>
    <ClCompile Include="..\..\..\Source\LFEditor\_Win32_\View\MainView.cpp">
      <Filter>_Win32_\View</Filter>
    </ClCompile>
    <ClCompile Include="GeneratedFiles\Debug\moc_MainView.cpp">
      <Filter>Generated Files\Debug</Filter>
    </ClCompile>
    <ClCompile Include="GeneratedFiles\Release\moc_MainView.cpp">
      <Filter>Generated Files\Release</Filter>
    </ClCompile>
    <ClCompile Include="..\..\..\Source\LFEditor\_Win32_\View\ViewItemsFactory.cpp">
      <Filter>_Win32_\View</Filter>
    </ClCompile>
    <ClCompile Include="..\..\..\Source\LFEditor\_Win32_\Controller\MainViewController.cpp">
      <Filter>_Win32_\Controller</Filter>
    </ClCompile>
    <ClCompile Include="..\..\..\Source\LFEditor\_Win32_\Controller\ViewManager.cpp">
      <Filter>_Win32_\Controller</Filter>
    </ClCompile>
    <ClCompile Include="..\..\..\Source\LFEditor\_Win32_\View\OptionsView.cpp">
      <Filter>_Win32_\View</Filter>
    </ClCompile>
    <ClCompile Include="GeneratedFiles\Debug\moc_OptionsView.cpp">
      <Filter>Generated Files\Debug</Filter>
    </ClCompile>
    <ClCompile Include="GeneratedFiles\Release\moc_OptionsView.cpp">
      <Filter>Generated Files\Release</Filter>
    </ClCompile>
    <ClCompile Include="..\..\..\Source\LFEditor\_Win32_\Controller\OptionsViewController.cpp">
      <Filter>_Win32_\Controller</Filter>
    </ClCompile>
    <ClCompile Include="..\..\..\Source\LFEditor\_Win32_\Common\UIHelper.cpp">
      <Filter>_Win32_\Common</Filter>
    </ClCompile>
    <ClCompile Include="..\..\..\Source\LFEditor\_Win32_\View\GameStateView.cpp">
      <Filter>_Win32_\View</Filter>
    </ClCompile>
    <ClCompile Include="GeneratedFiles\Debug\moc_GameStateView.cpp">
      <Filter>Generated Files\Debug</Filter>
    </ClCompile>
    <ClCompile Include="GeneratedFiles\Release\moc_GameStateView.cpp">
      <Filter>Generated Files\Release</Filter>
    </ClCompile>
    <ClCompile Include="..\..\..\Source\LFEditor\_Win32_\View\LevelView.cpp">
      <Filter>_Win32_\View</Filter>
    </ClCompile>
    <ClCompile Include="GeneratedFiles\Debug\moc_LevelView.cpp">
      <Filter>Generated Files\Debug</Filter>
    </ClCompile>
    <ClCompile Include="GeneratedFiles\Release\moc_LevelView.cpp">
      <Filter>Generated Files\Release</Filter>
    </ClCompile>
    <ClCompile Include="..\..\..\Source\LFEditor\_Win32_\Controller\LevelViewController.cpp">
      <Filter>_Win32_\Controller</Filter>
    </ClCompile>
    <ClCompile Include="..\..\..\Source\LFEditor\_Win32_\Controller\GameStateViewController.cpp">
      <Filter>_Win32_\Controller</Filter>
    </ClCompile>
    <ClCompile Include="..\..\..\Source\LFEditor\_Win32_\Controller\BaseViewController.cpp">
      <Filter>_Win32_\Controller</Filter>
    </ClCompile>
    <ClCompile Include="..\..\..\Source\LFEditor\_Win32_\LFEditor.cpp">
      <Filter>_Win32_</Filter>
    </ClCompile>
    <ClCompile Include="..\..\..\Source\LFEditor\_Win32_\View\LevelOptionsView.cpp">
      <Filter>_Win32_\View</Filter>
    </ClCompile>
    <ClCompile Include="GeneratedFiles\Debug\moc_LevelOptionsView.cpp">
      <Filter>Generated Files\Debug</Filter>
    </ClCompile>
    <ClCompile Include="GeneratedFiles\Release\moc_LevelOptionsView.cpp">
      <Filter>Generated Files\Release</Filter>
    </ClCompile>
  </ItemGroup>
  <ItemGroup>
    <CustomBuild Include="..\..\..\Source\LFEditor\_Win32_\Resource\LFEditor.qrc">
      <Filter>_Win32_\Resource</Filter>
    </CustomBuild>
    <CustomBuild Include="..\..\..\Source\LFEditor\_Win32_\View\MainView.h">
      <Filter>_Win32_\View</Filter>
    </CustomBuild>
    <CustomBuild Include="..\..\..\Source\LFEditor\_Win32_\View\MainView.ui">
      <Filter>_Win32_\View</Filter>
    </CustomBuild>
    <CustomBuild Include="..\..\..\Source\LFEditor\_Win32_\View\MenuItems.h">
      <Filter>_Win32_\View</Filter>
    </CustomBuild>
    <CustomBuild Include="..\..\..\Source\LFEditor\_Win32_\View\IMainView.h">
      <Filter>_Win32_\View</Filter>
    </CustomBuild>
    <CustomBuild Include="..\..\..\Source\LFEditor\_Win32_\View\OptionsView.ui">
      <Filter>_Win32_\View</Filter>
    </CustomBuild>
    <CustomBuild Include="..\..\..\Source\LFEditor\_Win32_\View\OptionsView.h">
      <Filter>_Win32_\View</Filter>
    </CustomBuild>
    <CustomBuild Include="..\..\..\Source\LFEditor\_Win32_\View\GameStateView.ui">
      <Filter>_Win32_\View</Filter>
    </CustomBuild>
    <CustomBuild Include="..\..\..\Source\LFEditor\_Win32_\View\LevelView.ui">
      <Filter>_Win32_\View</Filter>
    </CustomBuild>
    <CustomBuild Include="..\..\..\Source\LFEditor\_Win32_\View\GameStateView.h">
      <Filter>_Win32_\View</Filter>
    </CustomBuild>
    <CustomBuild Include="..\..\..\Source\LFEditor\_Win32_\View\LevelView.h">
      <Filter>_Win32_\View</Filter>
    </CustomBuild>
    <CustomBuild Include="..\..\..\Source\LFEditor\_Win32_\Controller\LevelViewController.h">
      <Filter>_Win32_\Controller</Filter>
    </CustomBuild>
    <CustomBuild Include="..\..\..\Source\LFEditor\_Win32_\Controller\BaseViewController.h">
      <Filter>_Win32_\Controller</Filter>
    </CustomBuild>
    <CustomBuild Include="..\..\..\Source\LFEditor\_Win32_\View\LevelOptionsView.ui">
      <Filter>_Win32_\View</Filter>
    </CustomBuild>
    <CustomBuild Include="..\..\..\Source\LFEditor\_Win32_\View\LevelOptionsView.h">
      <Filter>_Win32_\View</Filter>
    </CustomBuild>
  </ItemGroup>
  <ItemGroup>
    <Image Include="..\..\..\Source\LFEditor\_Win32_\Resource\LFEditor.ico">
      <Filter>_Win32_\Resource</Filter>
    </Image>
  </ItemGroup>
  <ItemGroup>
    <ResourceCompile Include="..\..\..\Source\LFEditor\_Win32_\Resource\LFEditor.rc">
      <Filter>_Win32_\Resource</Filter>
    </ResourceCompile>
  </ItemGroup>
  <ItemGroup>
    <ClInclude Include="GeneratedFiles\ui_MainView.h">
      <Filter>Generated Files</Filter>
    </ClInclude>
    <ClInclude Include="..\..\..\Source\LFEditor\_Win32_\View\IViewItemsFactory.h">
      <Filter>_Win32_\View</Filter>
    </ClInclude>
    <ClInclude Include="..\..\..\Source\LFEditor\_Win32_\View\ViewItemsFactory.h">
      <Filter>_Win32_\View</Filter>
    </ClInclude>
    <ClInclude Include="..\..\..\Source\LFEditor\_Win32_\Controller\MainViewController.h">
      <Filter>_Win32_\Controller</Filter>
    </ClInclude>
    <ClInclude Include="..\..\..\Source\LFEditor\_Win32_\Controller\ViewManager.h">
      <Filter>_Win32_\Controller</Filter>
    </ClInclude>
    <ClInclude Include="GeneratedFiles\ui_OptionsView.h">
      <Filter>Generated Files</Filter>
    </ClInclude>
    <ClInclude Include="..\..\..\Source\LFEditor\_Win32_\View\IOptionsView.h">
      <Filter>_Win32_\View</Filter>
    </ClInclude>
    <ClInclude Include="..\..\..\Source\LFEditor\_Win32_\Controller\OptionsViewController.h">
      <Filter>_Win32_\Controller</Filter>
    </ClInclude>
    <ClInclude Include="..\..\..\Source\LFEditor\_Win32_\Common\UIHelper.h">
      <Filter>_Win32_\Common</Filter>
    </ClInclude>
    <ClInclude Include="GeneratedFiles\ui_GameStateView.h">
      <Filter>Generated Files</Filter>
    </ClInclude>
    <ClInclude Include="GeneratedFiles\ui_LevelView.h">
      <Filter>Generated Files</Filter>
    </ClInclude>
    <ClInclude Include="..\..\..\Source\LFEditor\_Win32_\View\IGameStateView.h">
      <Filter>_Win32_\View</Filter>
    </ClInclude>
    <ClInclude Include="..\..\..\Source\LFEditor\_Win32_\View\ILevelView.h">
      <Filter>_Win32_\View</Filter>
    </ClInclude>
    <ClInclude Include="..\..\..\Source\LFEditor\_Win32_\Controller\GameStateViewController.h">
      <Filter>_Win32_\Controller</Filter>
    </ClInclude>
    <ClInclude Include="..\..\..\Source\LFEditor\_Win32_\View\IBaseView.h">
      <Filter>_Win32_\View</Filter>
    </ClInclude>
    <ClInclude Include="..\..\..\Source\LFEditor\_Win32_\View\ToolbarItems.h">
      <Filter>_Win32_\View</Filter>
    </ClInclude>
    <ClInclude Include="..\..\..\Source\LFEditor\_Win32_\Common\Constants.h">
      <Filter>_Win32_\Common</Filter>
    </ClInclude>
    <ClInclude Include="GeneratedFiles\ui_LevelOptionsView.h">
      <Filter>Generated Files</Filter>
    </ClInclude>
  </ItemGroup>
</Project>