<?xml version="1.0" encoding="utf-8"?>
<Project ToolsVersion="4.0" xmlns="http://schemas.microsoft.com/developer/msbuild/2003">
  <ItemGroup>
    <Filter Include="_Win32_">
      <UniqueIdentifier>{263eadd1-0a24-4d38-8310-b7e42a535f83}</UniqueIdentifier>
    </Filter>
  </ItemGroup>
  <ItemGroup>
    <ClCompile Include="..\..\..\Source\LuaCompiler\_Win32_\LuaCompiler.cpp">
      <Filter>_Win32_</Filter>
    </ClCompile>
    <ClCompile Include="..\..\..\Source\Depencies\Lua\luac.c">
      <Filter>_Win32_</Filter>
    </ClCompile>
  </ItemGroup>
</Project>